
Microsoft Visual Studio Solution File, Format Version 12.00
# Visual Studio 15
VisualStudioVersion = 15.0.27004.2002
MinimumVisualStudioVersion = 10.0.40219.1
Project("{FAE04EC0-301F-11D3-BF4B-00C04F79EFBC}") = "core", "common\core.csproj", "{B2BE848C-497A-459E-A794-FE3B95BFD4C8}"
EndProject
Project("{FAE04EC0-301F-11D3-BF4B-00C04F79EFBC}") = "console", "console\console.csproj", "{70F05154-9825-4EE1-AA9C-5FDCC81FDECC}"
EndProject
Project("{FAE04EC0-301F-11D3-BF4B-00C04F79EFBC}") = "wpf", "desktop\wpf.csproj", "{355B66DE-8142-47E5-81A7-7643C552DF59}"
EndProject
Project("{FAE04EC0-301F-11D3-BF4B-00C04F79EFBC}") = "unvapp", "unvapp\unvapp.csproj", "{14097CD0-5AC7-4464-A927-048B0559E719}"
EndProject
Global
	GlobalSection(SolutionConfigurationPlatforms) = preSolution
		Debug|Any CPU = Debug|Any CPU
		Debug|ARM = Debug|ARM
		Debug|Mixed Platforms = Debug|Mixed Platforms
		Debug|x64 = Debug|x64
		Debug|x86 = Debug|x86
		Release|Any CPU = Release|Any CPU
		Release|ARM = Release|ARM
		Release|Mixed Platforms = Release|Mixed Platforms
		Release|x64 = Release|x64
		Release|x86 = Release|x86
	EndGlobalSection
	GlobalSection(ProjectConfigurationPlatforms) = postSolution
		{B2BE848C-497A-459E-A794-FE3B95BFD4C8}.Debug|Any CPU.ActiveCfg = Debug|Any CPU
		{B2BE848C-497A-459E-A794-FE3B95BFD4C8}.Debug|Any CPU.Build.0 = Debug|Any CPU
		{B2BE848C-497A-459E-A794-FE3B95BFD4C8}.Debug|ARM.ActiveCfg = Debug|Any CPU
		{B2BE848C-497A-459E-A794-FE3B95BFD4C8}.Debug|Mixed Platforms.ActiveCfg = Debug|Any CPU
		{B2BE848C-497A-459E-A794-FE3B95BFD4C8}.Debug|Mixed Platforms.Build.0 = Debug|Any CPU
		{B2BE848C-497A-459E-A794-FE3B95BFD4C8}.Debug|x64.ActiveCfg = Debug|Any CPU
		{B2BE848C-497A-459E-A794-FE3B95BFD4C8}.Debug|x86.ActiveCfg = Debug|Any CPU
		{B2BE848C-497A-459E-A794-FE3B95BFD4C8}.Release|Any CPU.ActiveCfg = Release|Any CPU
		{B2BE848C-497A-459E-A794-FE3B95BFD4C8}.Release|Any CPU.Build.0 = Release|Any CPU
		{B2BE848C-497A-459E-A794-FE3B95BFD4C8}.Release|ARM.ActiveCfg = Release|Any CPU
		{B2BE848C-497A-459E-A794-FE3B95BFD4C8}.Release|Mixed Platforms.ActiveCfg = Release|Any CPU
		{B2BE848C-497A-459E-A794-FE3B95BFD4C8}.Release|Mixed Platforms.Build.0 = Release|Any CPU
		{B2BE848C-497A-459E-A794-FE3B95BFD4C8}.Release|x64.ActiveCfg = Release|Any CPU
		{B2BE848C-497A-459E-A794-FE3B95BFD4C8}.Release|x86.ActiveCfg = Release|Any CPU
		{70F05154-9825-4EE1-AA9C-5FDCC81FDECC}.Debug|Any CPU.ActiveCfg = Debug|x86
		{70F05154-9825-4EE1-AA9C-5FDCC81FDECC}.Debug|ARM.ActiveCfg = Debug|x86
		{70F05154-9825-4EE1-AA9C-5FDCC81FDECC}.Debug|Mixed Platforms.ActiveCfg = Debug|x86
		{70F05154-9825-4EE1-AA9C-5FDCC81FDECC}.Debug|Mixed Platforms.Build.0 = Debug|x86
		{70F05154-9825-4EE1-AA9C-5FDCC81FDECC}.Debug|x64.ActiveCfg = Debug|x86
		{70F05154-9825-4EE1-AA9C-5FDCC81FDECC}.Debug|x86.ActiveCfg = Debug|x86
		{70F05154-9825-4EE1-AA9C-5FDCC81FDECC}.Debug|x86.Build.0 = Debug|x86
		{70F05154-9825-4EE1-AA9C-5FDCC81FDECC}.Release|Any CPU.ActiveCfg = Release|x86
		{70F05154-9825-4EE1-AA9C-5FDCC81FDECC}.Release|ARM.ActiveCfg = Release|x86
		{70F05154-9825-4EE1-AA9C-5FDCC81FDECC}.Release|Mixed Platforms.ActiveCfg = Release|x86
		{70F05154-9825-4EE1-AA9C-5FDCC81FDECC}.Release|Mixed Platforms.Build.0 = Release|x86
		{70F05154-9825-4EE1-AA9C-5FDCC81FDECC}.Release|x64.ActiveCfg = Release|x86
		{70F05154-9825-4EE1-AA9C-5FDCC81FDECC}.Release|x86.ActiveCfg = Release|x86
		{70F05154-9825-4EE1-AA9C-5FDCC81FDECC}.Release|x86.Build.0 = Release|x86
		{355B66DE-8142-47E5-81A7-7643C552DF59}.Debug|Any CPU.ActiveCfg = Debug|Any CPU
		{355B66DE-8142-47E5-81A7-7643C552DF59}.Debug|Any CPU.Build.0 = Debug|Any CPU
		{355B66DE-8142-47E5-81A7-7643C552DF59}.Debug|ARM.ActiveCfg = Debug|Any CPU
		{355B66DE-8142-47E5-81A7-7643C552DF59}.Debug|Mixed Platforms.ActiveCfg = Debug|Any CPU
		{355B66DE-8142-47E5-81A7-7643C552DF59}.Debug|Mixed Platforms.Build.0 = Debug|Any CPU
		{355B66DE-8142-47E5-81A7-7643C552DF59}.Debug|x64.ActiveCfg = Debug|Any CPU
		{355B66DE-8142-47E5-81A7-7643C552DF59}.Debug|x86.ActiveCfg = Debug|Any CPU
		{355B66DE-8142-47E5-81A7-7643C552DF59}.Release|Any CPU.ActiveCfg = Release|Any CPU
		{355B66DE-8142-47E5-81A7-7643C552DF59}.Release|Any CPU.Build.0 = Release|Any CPU
		{355B66DE-8142-47E5-81A7-7643C552DF59}.Release|ARM.ActiveCfg = Release|Any CPU
		{355B66DE-8142-47E5-81A7-7643C552DF59}.Release|Mixed Platforms.ActiveCfg = Release|Any CPU
		{355B66DE-8142-47E5-81A7-7643C552DF59}.Release|Mixed Platforms.Build.0 = Release|Any CPU
		{355B66DE-8142-47E5-81A7-7643C552DF59}.Release|x64.ActiveCfg = Release|Any CPU
		{355B66DE-8142-47E5-81A7-7643C552DF59}.Release|x86.ActiveCfg = Release|Any CPU
		{14097CD0-5AC7-4464-A927-048B0559E719}.Debug|Any CPU.ActiveCfg = Debug|x86
		{14097CD0-5AC7-4464-A927-048B0559E719}.Debug|ARM.ActiveCfg = Debug|ARM
		{14097CD0-5AC7-4464-A927-048B0559E719}.Debug|ARM.Build.0 = Debug|ARM
		{14097CD0-5AC7-4464-A927-048B0559E719}.Debug|ARM.Deploy.0 = Debug|ARM
		{14097CD0-5AC7-4464-A927-048B0559E719}.Debug|Mixed Platforms.ActiveCfg = Debug|x86
		{14097CD0-5AC7-4464-A927-048B0559E719}.Debug|Mixed Platforms.Build.0 = Debug|x86
		{14097CD0-5AC7-4464-A927-048B0559E719}.Debug|Mixed Platforms.Deploy.0 = Debug|x86
		{14097CD0-5AC7-4464-A927-048B0559E719}.Debug|x64.ActiveCfg = Debug|x64
		{14097CD0-5AC7-4464-A927-048B0559E719}.Debug|x64.Build.0 = Debug|x64
		{14097CD0-5AC7-4464-A927-048B0559E719}.Debug|x64.Deploy.0 = Debug|x64
		{14097CD0-5AC7-4464-A927-048B0559E719}.Debug|x86.ActiveCfg = Debug|x86
		{14097CD0-5AC7-4464-A927-048B0559E719}.Debug|x86.Build.0 = Debug|x86
		{14097CD0-5AC7-4464-A927-048B0559E719}.Debug|x86.Deploy.0 = Debug|x86
		{14097CD0-5AC7-4464-A927-048B0559E719}.Release|Any CPU.ActiveCfg = Release|x86
		{14097CD0-5AC7-4464-A927-048B0559E719}.Release|ARM.ActiveCfg = Release|ARM
		{14097CD0-5AC7-4464-A927-048B0559E719}.Release|ARM.Build.0 = Release|ARM
		{14097CD0-5AC7-4464-A927-048B0559E719}.Release|ARM.Deploy.0 = Release|ARM
		{14097CD0-5AC7-4464-A927-048B0559E719}.Release|Mixed Platforms.ActiveCfg = Release|x86
		{14097CD0-5AC7-4464-A927-048B0559E719}.Release|Mixed Platforms.Build.0 = Release|x86
		{14097CD0-5AC7-4464-A927-048B0559E719}.Release|Mixed Platforms.Deploy.0 = Release|x86
		{14097CD0-5AC7-4464-A927-048B0559E719}.Release|x64.ActiveCfg = Release|x64
		{14097CD0-5AC7-4464-A927-048B0559E719}.Release|x64.Build.0 = Release|x64
		{14097CD0-5AC7-4464-A927-048B0559E719}.Release|x64.Deploy.0 = Release|x64
		{14097CD0-5AC7-4464-A927-048B0559E719}.Release|x86.ActiveCfg = Release|x86
		{14097CD0-5AC7-4464-A927-048B0559E719}.Release|x86.Build.0 = Release|x86
		{14097CD0-5AC7-4464-A927-048B0559E719}.Release|x86.Deploy.0 = Release|x86
	EndGlobalSection
	GlobalSection(SolutionProperties) = preSolution
		HideSolutionNode = FALSE
	EndGlobalSection
	GlobalSection(ExtensibilityGlobals) = postSolution
		SolutionGuid = {737C4E48-9C7D-4990-9198-DAAB35CEB353}
	EndGlobalSection
	GlobalSection(MonoDevelopProperties) = preSolution
		StartupItem = deduper\deduper.csproj
	EndGlobalSection
EndGlobal
